
Microsoft Visual Studio Solution File, Format Version 12.00
# Visual Studio Version 16
VisualStudioVersion = 16.0.31729.503
MinimumVisualStudioVersion = 10.0.40219.1
Project("{FAE04EC0-301F-11D3-BF4B-00C04F79EFBC}") = "MvcProject", "MvcProject\MvcProject.csproj", "{B89BD574-CB5F-4CCA-B27B-E569F3F9F30F}"
EndProject
Global
	GlobalSection(SolutionConfigurationPlatforms) = preSolution
		Debug|Any CPU = Debug|Any CPU
		Release|Any CPU = Release|Any CPU
	EndGlobalSection
	GlobalSection(ProjectConfigurationPlatforms) = postSolution
		{B89BD574-CB5F-4CCA-B27B-E569F3F9F30F}.Debug|Any CPU.ActiveCfg = Debug|Any CPU
		{B89BD574-CB5F-4CCA-B27B-E569F3F9F30F}.Debug|Any CPU.Build.0 = Debug|Any CPU
		{B89BD574-CB5F-4CCA-B27B-E569F3F9F30F}.Release|Any CPU.ActiveCfg = Release|Any CPU
		{B89BD574-CB5F-4CCA-B27B-E569F3F9F30F}.Release|Any CPU.Build.0 = Release|Any CPU
	EndGlobalSection
	GlobalSection(SolutionProperties) = preSolution
		HideSolutionNode = FALSE
	EndGlobalSection
	GlobalSection(ExtensibilityGlobals) = postSolution
		SolutionGuid = {DA7FD83D-8959-4BF6-A8B2-39A224E6B8AF}
	EndGlobalSection
EndGlobal
